#MicroXplorer Configuration settings - do not modify
CAD.formats=[]
CAD.pinconfig=Project naming
CAD.provider=
Dma.I2C3_RX.2.Direction=DMA_PERIPH_TO_MEMORY
Dma.I2C3_RX.2.FIFOMode=DMA_FIFOMODE_DISABLE
Dma.I2C3_RX.2.Instance=DMA1_Stream1
Dma.I2C3_RX.2.MemDataAlignment=DMA_MDATAALIGN_BYTE
Dma.I2C3_RX.2.MemInc=DMA_MINC_ENABLE
Dma.I2C3_RX.2.Mode=DMA_NORMAL
Dma.I2C3_RX.2.PeriphDataAlignment=DMA_PDATAALIGN_BYTE
Dma.I2C3_RX.2.PeriphInc=DMA_PINC_DISABLE
Dma.I2C3_RX.2.Priority=DMA_PRIORITY_LOW
Dma.I2C3_RX.2.RequestParameters=Instance,Direction,PeriphInc,MemInc,PeriphDataAlignment,MemDataAlignment,Mode,Priority,FIFOMode
Dma.I2C3_TX.3.Direction=DMA_MEMORY_TO_PERIPH
Dma.I2C3_TX.3.FIFOMode=DMA_FIFOMODE_DISABLE
Dma.I2C3_TX.3.Instance=DMA1_Stream4
Dma.I2C3_TX.3.MemDataAlignment=DMA_MDATAALIGN_BYTE
Dma.I2C3_TX.3.MemInc=DMA_MINC_ENABLE
Dma.I2C3_TX.3.Mode=DMA_NORMAL
Dma.I2C3_TX.3.PeriphDataAlignment=DMA_PDATAALIGN_BYTE
Dma.I2C3_TX.3.PeriphInc=DMA_PINC_DISABLE
Dma.I2C3_TX.3.Priority=DMA_PRIORITY_LOW
Dma.I2C3_TX.3.RequestParameters=Instance,Direction,PeriphInc,MemInc,PeriphDataAlignment,MemDataAlignment,Mode,Priority,FIFOMode
Dma.Request0=SPI1_TX
Dma.Request1=SDIO
Dma.Request2=I2C3_RX
Dma.Request3=I2C3_TX
Dma.Request4=USART6_RX
Dma.Request5=USART6_TX
Dma.Request6=SPI2_RX
Dma.RequestsNb=7
Dma.SDIO.1.Direction=DMA_PERIPH_TO_MEMORY
Dma.SDIO.1.FIFOMode=DMA_FIFOMODE_ENABLE
Dma.SDIO.1.FIFOThreshold=DMA_FIFO_THRESHOLD_FULL
Dma.SDIO.1.Instance=DMA2_Stream3
Dma.SDIO.1.MemBurst=DMA_MBURST_INC4
Dma.SDIO.1.MemDataAlignment=DMA_MDATAALIGN_WORD
Dma.SDIO.1.MemInc=DMA_MINC_ENABLE
Dma.SDIO.1.Mode=DMA_PFCTRL
Dma.SDIO.1.PeriphBurst=DMA_PBURST_INC4
Dma.SDIO.1.PeriphDataAlignment=DMA_PDATAALIGN_WORD
Dma.SDIO.1.PeriphInc=DMA_PINC_DISABLE
Dma.SDIO.1.Priority=DMA_PRIORITY_LOW
Dma.SDIO.1.RequestParameters=Instance,Direction,PeriphInc,MemInc,PeriphDataAlignment,MemDataAlignment,Mode,Priority,FIFOMode,FIFOThreshold,MemBurst,PeriphBurst
Dma.SPI1_TX.0.Direction=DMA_MEMORY_TO_PERIPH
Dma.SPI1_TX.0.FIFOMode=DMA_FIFOMODE_DISABLE
Dma.SPI1_TX.0.Instance=DMA2_Stream5
Dma.SPI1_TX.0.MemDataAlignment=DMA_MDATAALIGN_HALFWORD
Dma.SPI1_TX.0.MemInc=DMA_MINC_ENABLE
Dma.SPI1_TX.0.Mode=DMA_NORMAL
Dma.SPI1_TX.0.PeriphDataAlignment=DMA_PDATAALIGN_HALFWORD
Dma.SPI1_TX.0.PeriphInc=DMA_PINC_DISABLE
Dma.SPI1_TX.0.Priority=DMA_PRIORITY_LOW
Dma.SPI1_TX.0.RequestParameters=Instance,Direction,PeriphInc,MemInc,PeriphDataAlignment,MemDataAlignment,Mode,Priority,FIFOMode
Dma.SPI2_RX.6.Direction=DMA_PERIPH_TO_MEMORY
Dma.SPI2_RX.6.FIFOMode=DMA_FIFOMODE_DISABLE
Dma.SPI2_RX.6.Instance=DMA1_Stream3
Dma.SPI2_RX.6.MemDataAlignment=DMA_MDATAALIGN_HALFWORD
Dma.SPI2_RX.6.MemInc=DMA_MINC_ENABLE
Dma.SPI2_RX.6.Mode=DMA_CIRCULAR
Dma.SPI2_RX.6.PeriphDataAlignment=DMA_PDATAALIGN_HALFWORD
Dma.SPI2_RX.6.PeriphInc=DMA_PINC_DISABLE
Dma.SPI2_RX.6.Priority=DMA_PRIORITY_LOW
Dma.SPI2_RX.6.RequestParameters=Instance,Direction,PeriphInc,MemInc,PeriphDataAlignment,MemDataAlignment,Mode,Priority,FIFOMode
Dma.USART6_RX.4.Direction=DMA_PERIPH_TO_MEMORY
Dma.USART6_RX.4.FIFOMode=DMA_FIFOMODE_DISABLE
Dma.USART6_RX.4.Instance=DMA2_Stream1
Dma.USART6_RX.4.MemDataAlignment=DMA_MDATAALIGN_BYTE
Dma.USART6_RX.4.MemInc=DMA_MINC_ENABLE
Dma.USART6_RX.4.Mode=DMA_NORMAL
Dma.USART6_RX.4.PeriphDataAlignment=DMA_PDATAALIGN_BYTE
Dma.USART6_RX.4.PeriphInc=DMA_PINC_DISABLE
Dma.USART6_RX.4.Priority=DMA_PRIORITY_LOW
Dma.USART6_RX.4.RequestParameters=Instance,Direction,PeriphInc,MemInc,PeriphDataAlignment,MemDataAlignment,Mode,Priority,FIFOMode
Dma.USART6_TX.5.Direction=DMA_MEMORY_TO_PERIPH
Dma.USART6_TX.5.FIFOMode=DMA_FIFOMODE_DISABLE
Dma.USART6_TX.5.Instance=DMA2_Stream6
Dma.USART6_TX.5.MemDataAlignment=DMA_MDATAALIGN_BYTE
Dma.USART6_TX.5.MemInc=DMA_MINC_ENABLE
Dma.USART6_TX.5.Mode=DMA_NORMAL
Dma.USART6_TX.5.PeriphDataAlignment=DMA_PDATAALIGN_BYTE
Dma.USART6_TX.5.PeriphInc=DMA_PINC_DISABLE
Dma.USART6_TX.5.Priority=DMA_PRIORITY_LOW
Dma.USART6_TX.5.RequestParameters=Instance,Direction,PeriphInc,MemInc,PeriphDataAlignment,MemDataAlignment,Mode,Priority,FIFOMode
FATFS.BSP.number=1
FATFS.IPParameters=_CODE_PAGE,_USE_LFN,_MAX_SS,USE_DMA_CODE_SD
FATFS.USE_DMA_CODE_SD=1
FATFS._CODE_PAGE=936
FATFS._MAX_SS=512
FATFS._USE_LFN=2
FATFS0.BSP.STBoard=false
FATFS0.BSP.api=Unknown
FATFS0.BSP.component=
FATFS0.BSP.condition=
FATFS0.BSP.instance=PA15
FATFS0.BSP.ip=GPIO
FATFS0.BSP.mode=Input
FATFS0.BSP.name=Detect_SDIO
FATFS0.BSP.semaphore=
FATFS0.BSP.solution=PA15
File.Version=6
GPIO.groupedBy=Group By Peripherals
KeepUserPlacement=false
Mcu.CPN=STM32F412RET6
Mcu.Family=STM32F4
Mcu.IP0=CRC
Mcu.IP1=DMA
Mcu.IP10=SYS
Mcu.IP11=TIM3
Mcu.IP12=TIM6
Mcu.IP13=TIM10
Mcu.IP14=TIM13
Mcu.IP15=USART1
Mcu.IP16=USART2
Mcu.IP17=USART6
Mcu.IP2=FATFS
Mcu.IP3=I2C1
Mcu.IP4=I2C3
Mcu.IP5=NVIC
Mcu.IP6=RCC
Mcu.IP7=SDIO
Mcu.IP8=SPI1
Mcu.IP9=SPI2
Mcu.IPNb=18
Mcu.Name=STM32F412R(E-G)Tx
Mcu.Package=LQFP64
Mcu.Pin0=PH0 - OSC_IN
Mcu.Pin1=PH1 - OSC_OUT
Mcu.Pin10=PB14
Mcu.Pin11=PB15
Mcu.Pin12=PC6
Mcu.Pin13=PC7
Mcu.Pin14=PC8
Mcu.Pin15=PC9
Mcu.Pin16=PA8
Mcu.Pin17=PA9
Mcu.Pin18=PA10
Mcu.Pin19=PA13
Mcu.Pin2=PA2
Mcu.Pin20=PA14
Mcu.Pin21=PA15
Mcu.Pin22=PC12
Mcu.Pin23=PD2
Mcu.Pin24=PB4
Mcu.Pin25=PB5
Mcu.Pin26=PB6
Mcu.Pin27=PB7
Mcu.Pin28=PB8
Mcu.Pin29=VP_CRC_VS_CRC
Mcu.Pin3=PA3
Mcu.Pin30=VP_FATFS_VS_SDIO
Mcu.Pin31=VP_SYS_VS_Systick
Mcu.Pin32=VP_TIM3_VS_ClockSourceINT
Mcu.Pin33=VP_TIM6_VS_ClockSourceINT
Mcu.Pin34=VP_TIM10_VS_ClockSourceINT
Mcu.Pin35=VP_TIM13_VS_ClockSourceINT
Mcu.Pin36=VP_STMicroelectronics.X-CUBE-ALGOBUILD_VS_DSPOoLibraryJjLibrary_1.3.0_1.3.0
Mcu.Pin4=PA5
Mcu.Pin5=PA7
Mcu.Pin6=PC4
Mcu.Pin7=PC5
Mcu.Pin8=PB0
Mcu.Pin9=PB13
Mcu.PinsNb=37
Mcu.ThirdParty0=STMicroelectronics.X-CUBE-ALGOBUILD.1.3.0
Mcu.ThirdPartyNb=1
Mcu.UserConstants=
Mcu.UserName=STM32F412RETx
MxCube.Version=6.8.0
MxDb.Version=DB.6.0.80
NVIC.BusFault_IRQn=true\:0\:0\:false\:false\:true\:false\:false\:false
NVIC.DMA1_Stream1_IRQn=true\:1\:0\:true\:false\:true\:false\:true\:true
NVIC.DMA1_Stream3_IRQn=true\:0\:0\:false\:false\:true\:false\:true\:true
NVIC.DMA1_Stream4_IRQn=true\:1\:0\:true\:false\:true\:false\:true\:true
NVIC.DMA2_Stream1_IRQn=true\:3\:0\:true\:false\:true\:false\:true\:true
NVIC.DMA2_Stream3_IRQn=true\:14\:0\:true\:false\:true\:false\:true\:true
NVIC.DMA2_Stream5_IRQn=true\:14\:0\:true\:false\:true\:false\:true\:true
NVIC.DMA2_Stream6_IRQn=true\:3\:0\:true\:false\:true\:false\:true\:true
NVIC.DebugMonitor_IRQn=true\:0\:0\:false\:false\:true\:false\:false\:false
NVIC.EXTI4_IRQn=true\:14\:0\:true\:false\:true\:true\:true\:true
NVIC.ForceEnableDMAVector=true
NVIC.HardFault_IRQn=true\:0\:0\:false\:false\:true\:false\:false\:false
NVIC.I2C3_ER_IRQn=true\:1\:0\:true\:false\:true\:true\:true\:true
NVIC.I2C3_EV_IRQn=true\:1\:0\:true\:false\:true\:true\:true\:true
NVIC.MemoryManagement_IRQn=true\:0\:0\:false\:false\:true\:false\:false\:false
NVIC.NonMaskableInt_IRQn=true\:0\:0\:false\:false\:true\:false\:false\:false
NVIC.PendSV_IRQn=true\:0\:0\:false\:false\:true\:false\:false\:false
NVIC.PriorityGroup=NVIC_PRIORITYGROUP_4
NVIC.SDIO_IRQn=true\:14\:0\:true\:false\:true\:true\:true\:true
NVIC.SVCall_IRQn=true\:0\:0\:false\:false\:true\:false\:false\:false
NVIC.SysTick_IRQn=true\:0\:0\:true\:false\:true\:false\:true\:false
NVIC.TIM3_IRQn=true\:14\:0\:true\:false\:true\:true\:true\:true
NVIC.TIM6_IRQn=true\:2\:0\:true\:false\:true\:true\:true\:true
NVIC.UsageFault_IRQn=true\:0\:0\:false\:false\:true\:false\:false\:false
PA10.GPIOParameters=GPIO_PuPd,GPIO_Label
PA10.GPIO_Label=WHEEL_UART1_RX
PA10.GPIO_PuPd=GPIO_PULLUP
PA10.Locked=true
PA10.Mode=Asynchronous
PA10.Signal=USART1_RX
PA13.Mode=Serial_Wire
PA13.Signal=SYS_JTMS-SWDIO
PA14.Mode=Serial_Wire
PA14.Signal=SYS_JTCK-SWCLK
PA15.GPIOParameters=GPIO_PuPd,GPIO_Label
PA15.GPIO_Label=SDIO_INT
PA15.GPIO_PuPd=GPIO_PULLUP
PA15.Locked=true
PA15.Signal=GPIO_Input
PA2.GPIOParameters=GPIO_PuPd,GPIO_Label
PA2.GPIO_Label=ARM_UART2_TX
PA2.GPIO_PuPd=GPIO_PULLUP
PA2.Mode=Asynchronous
PA2.Signal=USART2_TX
PA3.GPIOParameters=GPIO_PuPd,GPIO_Label
PA3.GPIO_Label=ARM_UART2_RX
PA3.GPIO_PuPd=GPIO_PULLUP
PA3.Mode=Asynchronous
PA3.Signal=USART2_RX
PA5.GPIOParameters=GPIO_Label
PA5.GPIO_Label=OLED_SPI1_SCK
PA5.Mode=TX_Only_Simplex_Unidirect_Master
PA5.Signal=SPI1_SCK
PA7.GPIOParameters=GPIO_Label
PA7.GPIO_Label=OLED_SPI1_MOSI
PA7.Mode=TX_Only_Simplex_Unidirect_Master
PA7.Signal=SPI1_MOSI
PA8.GPIOParameters=GPIO_Label
PA8.GPIO_Label=MASTER_SLAVE_I2C3_SCL
PA8.Mode=I2C
PA8.Signal=I2C3_SCL
PA9.GPIOParameters=GPIO_PuPd,GPIO_Label
PA9.GPIO_Label=WHEEL_UART1_TX
PA9.GPIO_PuPd=GPIO_PULLUP
PA9.Locked=true
PA9.Mode=Asynchronous
PA9.Signal=USART1_TX
PB0.GPIOParameters=GPIO_Speed,PinState,GPIO_PuPd,GPIO_Label,GPIO_ModeDefaultOutputPP
PB0.GPIO_Label=OLED_SPI1_RES
PB0.GPIO_ModeDefaultOutputPP=GPIO_MODE_OUTPUT_PP
PB0.GPIO_PuPd=GPIO_PULLUP
PB0.GPIO_Speed=GPIO_SPEED_FREQ_LOW
PB0.Locked=true
PB0.PinState=GPIO_PIN_RESET
PB0.Signal=GPIO_Output
PB13.GPIOParameters=GPIO_Label
PB13.GPIO_Label=MASTER_SLAVE_SPI2_SCK
PB13.Locked=true
PB13.Mode=Full_Duplex_Slave
PB13.Signal=SPI2_SCK
PB14.GPIOParameters=GPIO_Label
PB14.GPIO_Label=MASTER_SLAVE_SPI2_MISO
PB14.Locked=true
PB14.Mode=Full_Duplex_Slave
PB14.Signal=SPI2_MISO
PB15.GPIOParameters=GPIO_Label
PB15.GPIO_Label=MASTER_SLAVE_SPI2_MOSI
PB15.Locked=true
PB15.Mode=Full_Duplex_Slave
PB15.Signal=SPI2_MOSI
PB4.GPIOParameters=GPIO_PuPd,GPIO_Label,GPIO_ModeDefaultEXTI
PB4.GPIO_Label=TOUCH_I2C1_INT
PB4.GPIO_ModeDefaultEXTI=GPIO_MODE_IT_FALLING
PB4.GPIO_PuPd=GPIO_NOPULL
PB4.Locked=true
PB4.Signal=GPXTI4
PB5.GPIOParameters=GPIO_PuPd,GPIO_Label
PB5.GPIO_Label=TOUCH_I2C1_RST
PB5.GPIO_PuPd=GPIO_PULLUP
PB5.Locked=true
PB5.Signal=GPIO_Output
PB6.GPIOParameters=GPIO_Label,GPIO_Pu
PB6.GPIO_Label=TOUCH_I2C1_SCL
PB6.GPIO_Pu=GPIO_NOPULL
PB6.Mode=I2C
PB6.Signal=I2C1_SCL
PB7.GPIOParameters=GPIO_Label,GPIO_Pu
PB7.GPIO_Label=TOUCH_I2C1_SDA
PB7.GPIO_Pu=GPIO_NOPULL
PB7.Mode=I2C
PB7.Signal=I2C1_SDA
PB8.GPIOParameters=GPIO_Label
PB8.GPIO_Label=PWM_ARM
PB8.Locked=true
PB8.Signal=S_TIM10_CH1
PC12.GPIOParameters=GPIO_PuPd
PC12.GPIO_PuPd=GPIO_NOPULL
PC12.Locked=true
PC12.Mode=SD_1_bit
PC12.Signal=SDIO_CK
PC4.GPIOParameters=GPIO_Speed,PinState,GPIO_PuPd,GPIO_Label,GPIO_ModeDefaultOutputPP
PC4.GPIO_Label=OLED_SPI1_CS
PC4.GPIO_ModeDefaultOutputPP=GPIO_MODE_OUTPUT_PP
PC4.GPIO_PuPd=GPIO_PULLUP
PC4.GPIO_Speed=GPIO_SPEED_FREQ_VERY_HIGH
PC4.Locked=true
PC4.PinState=GPIO_PIN_SET
PC4.Signal=GPIO_Output
PC5.GPIOParameters=GPIO_Speed,PinState,GPIO_PuPd,GPIO_Label,GPIO_ModeDefaultOutputPP
PC5.GPIO_Label=OLED_SPI1_DC
PC5.GPIO_ModeDefaultOutputPP=GPIO_MODE_OUTPUT_PP
PC5.GPIO_PuPd=GPIO_PULLUP
PC5.GPIO_Speed=GPIO_SPEED_FREQ_VERY_HIGH
PC5.Locked=true
PC5.PinState=GPIO_PIN_SET
PC5.Signal=GPIO_Output
PC6.GPIOParameters=GPIO_Label
PC6.GPIO_Label=CAM_UART6_TX
PC6.Mode=Asynchronous
PC6.Signal=USART6_TX
PC7.GPIOParameters=GPIO_Label
PC7.GPIO_Label=CAM_UART6_RX
PC7.Locked=true
PC7.Mode=Asynchronous
PC7.Signal=USART6_RX
PC8.GPIOParameters=GPIO_PuPd
PC8.GPIO_PuPd=GPIO_NOPULL
PC8.Mode=SD_1_bit
PC8.Signal=SDIO_D0
PC9.GPIOParameters=GPIO_Label
PC9.GPIO_Label=MASTER_SLAVE_I2C3_SDA
PC9.Mode=I2C
PC9.Signal=I2C3_SDA
PD2.GPIOParameters=GPIO_PuPd
PD2.GPIO_PuPd=GPIO_NOPULL
PD2.Locked=true
PD2.Mode=SD_1_bit
PD2.Signal=SDIO_CMD
PH0\ -\ OSC_IN.Mode=HSE-External-Oscillator
PH0\ -\ OSC_IN.Signal=RCC_OSC_IN
PH1\ -\ OSC_OUT.Mode=HSE-External-Oscillator
PH1\ -\ OSC_OUT.Signal=RCC_OSC_OUT
PinOutPanel.RotationAngle=0
ProjectManager.AskForMigrate=true
ProjectManager.BackupPrevious=false
ProjectManager.CompilerOptimize=6
ProjectManager.ComputerToolchain=false
ProjectManager.CoupleFile=true
ProjectManager.CustomerFirmwarePackage=
ProjectManager.DefaultFWLocation=true
ProjectManager.DeletePrevious=true
ProjectManager.DeviceId=STM32F412RETx
ProjectManager.FirmwarePackage=STM32Cube FW_F4 V1.27.1
ProjectManager.FreePins=true
ProjectManager.HalAssertFull=false
ProjectManager.HeapSize=0x4000
ProjectManager.KeepUserCode=true
ProjectManager.LastFirmware=true
ProjectManager.LibraryCopy=1
ProjectManager.MainLocation=Core/Src
ProjectManager.NoMain=false
ProjectManager.PreviousToolchain=
ProjectManager.ProjectBuild=false
ProjectManager.ProjectFileName=Main_Control-V5.1.ioc
ProjectManager.ProjectName=Main_Control-V5.1
ProjectManager.ProjectStructure=
ProjectManager.RegisterCallBack=
ProjectManager.StackSize=0x4000
ProjectManager.TargetToolchain=MDK-ARM V5.32
ProjectManager.ToolChainLocation=
ProjectManager.UnderRoot=false
ProjectManager.functionlistsort=1-SystemClock_Config-RCC-false-HAL-false,2-MX_GPIO_Init-GPIO-false-HAL-true,3-MX_DMA_Init-DMA-false-HAL-true,4-MX_TIM10_Init-TIM10-false-HAL-true,5-MX_USART1_UART_Init-USART1-false-HAL-true,6-MX_USART2_UART_Init-USART2-false-HAL-true,7-MX_I2C1_Init-I2C1-false-HAL-true,8-MX_SDIO_SD_Init-SDIO-false-HAL-true,9-MX_SPI1_Init-SPI1-false-HAL-true,10-MX_FATFS_Init-FATFS-false-HAL-false,11-MX_TIM3_Init-TIM3-false-HAL-true,12-MX_CRC_Init-CRC-false-HAL-true,13-MX_TIM13_Init-TIM13-false-HAL-true,14-MX_TIM6_Init-TIM6-false-HAL-true,15-MX_I2C3_Init-I2C3-false-HAL-true,16-MX_USART6_UART_Init-USART6-false-HAL-true,17-MX_SPI2_Init-SPI2-false-HAL-true
RCC.AHBFreq_Value=100000000
RCC.APB1CLKDivider=RCC_HCLK_DIV2
RCC.APB1Freq_Value=50000000
RCC.APB1TimFreq_Value=100000000
RCC.APB2Freq_Value=100000000
RCC.APB2TimFreq_Value=100000000
RCC.CortexFreq_Value=100000000
RCC.DFSDMFreq_Value=100000000
RCC.FCLKCortexFreq_Value=100000000
RCC.FMPI2C1Freq_Value=50000000
RCC.FamilyName=M
RCC.HCLKFreq_Value=100000000
RCC.IPParameters=AHBFreq_Value,APB1CLKDivider,APB1Freq_Value,APB1TimFreq_Value,APB2Freq_Value,APB2TimFreq_Value,CortexFreq_Value,DFSDMFreq_Value,FCLKCortexFreq_Value,FMPI2C1Freq_Value,FamilyName,HCLKFreq_Value,MCO2PinFreq_Value,PLLCLKFreq_Value,PLLI2SPCLKFreq_Value,PLLI2SQCLKFreq_Value,PLLI2SRCLKFreq_Value,PLLM,PLLN,PLLQ,PLLQCLKFreq_Value,PLLQoutputFreq_Value,PLLRCLKFreq_Value,PLLRoutputFreq_Value,RNGFreq_Value,SDIOFreq_Value,SYSCLKFreq_VALUE,SYSCLKSource,USBFreq_Value,VCOI2SInputFreq_Value,VCOI2SOutputFreq_Value,VCOInputFreq_Value,VCOOutputFreq_Value
RCC.MCO2PinFreq_Value=100000000
RCC.PLLCLKFreq_Value=100000000
RCC.PLLI2SPCLKFreq_Value=96000000
RCC.PLLI2SQCLKFreq_Value=96000000
RCC.PLLI2SRCLKFreq_Value=96000000
RCC.PLLM=8
RCC.PLLN=100
RCC.PLLQ=4
RCC.PLLQCLKFreq_Value=50000000
RCC.PLLQoutputFreq_Value=50000000
RCC.PLLRCLKFreq_Value=100000000
RCC.PLLRoutputFreq_Value=100000000
RCC.RNGFreq_Value=50000000
RCC.SDIOFreq_Value=50000000
RCC.SYSCLKFreq_VALUE=100000000
RCC.SYSCLKSource=RCC_SYSCLKSOURCE_PLLCLK
RCC.USBFreq_Value=50000000
RCC.VCOI2SInputFreq_Value=1000000
RCC.VCOI2SOutputFreq_Value=192000000
RCC.VCOInputFreq_Value=2000000
RCC.VCOOutputFreq_Value=200000000
SDIO.ClockDiv=0
SDIO.IPParameters=ClockDiv
SH.GPXTI4.0=GPIO_EXTI4
SH.GPXTI4.ConfNb=1
SH.S_TIM10_CH1.0=TIM10_CH1,PWM Generation1 CH1
SH.S_TIM10_CH1.ConfNb=1
SPI1.CalculateBaudRate=50.0 MBits/s
SPI1.Direction=SPI_DIRECTION_2LINES
SPI1.IPParameters=VirtualType,Mode,Direction,CalculateBaudRate
SPI1.Mode=SPI_MODE_MASTER
SPI1.VirtualType=VM_MASTER
SPI2.DataSize=SPI_DATASIZE_16BIT
SPI2.Direction=SPI_DIRECTION_2LINES
SPI2.IPParameters=VirtualType,Mode,Direction,DataSize
SPI2.Mode=SPI_MODE_SLAVE
SPI2.VirtualType=VM_SLAVE
STMicroelectronics.X-CUBE-ALGOBUILD.1.3.0.DSPOoLibraryJjLibrary_Checked=true
STMicroelectronics.X-CUBE-ALGOBUILD.1.3.0.IPParameters=LibraryCcDSPOoLibraryJjDSPOoLibrary
STMicroelectronics.X-CUBE-ALGOBUILD.1.3.0.LibraryCcDSPOoLibraryJjDSPOoLibrary=true
STMicroelectronics.X-CUBE-ALGOBUILD.1.3.0_SwParameter=LibraryCcDSPOoLibraryJjDSPOoLibrary\:true;
TIM10.Channel=TIM_CHANNEL_1
TIM10.IPParameters=Channel,Prescaler,Period,Pulse
TIM10.Period=2000-1
TIM10.Prescaler=1000-1
TIM10.Pulse=250-1
TIM13.AutoReloadPreload=TIM_AUTORELOAD_PRELOAD_ENABLE
TIM13.IPParameters=Prescaler,AutoReloadPreload
TIM13.Prescaler=10000-1
TIM3.AutoReloadPreload=TIM_AUTORELOAD_PRELOAD_ENABLE
TIM3.IPParameters=Prescaler,Period,AutoReloadPreload
TIM3.Period=1000-1
TIM3.Prescaler=100-1
TIM6.IPParameters=Prescaler,Period
TIM6.Period=5000-1
TIM6.Prescaler=1000-1
USART1.BaudRate=9600
USART1.IPParameters=VirtualMode,BaudRate
USART1.VirtualMode=VM_ASYNC
USART2.BaudRate=9600
USART2.IPParameters=VirtualMode,BaudRate
USART2.VirtualMode=VM_ASYNC
USART6.IPParameters=VirtualMode
USART6.VirtualMode=VM_ASYNC
VP_CRC_VS_CRC.Mode=CRC_Activate
VP_CRC_VS_CRC.Signal=CRC_VS_CRC
VP_FATFS_VS_SDIO.Mode=SDIO
VP_FATFS_VS_SDIO.Signal=FATFS_VS_SDIO
VP_STMicroelectronics.X-CUBE-ALGOBUILD_VS_DSPOoLibraryJjLibrary_1.3.0_1.3.0.Mode=DSPOoLibraryJjLibrary
VP_STMicroelectronics.X-CUBE-ALGOBUILD_VS_DSPOoLibraryJjLibrary_1.3.0_1.3.0.Signal=STMicroelectronics.X-CUBE-ALGOBUILD_VS_DSPOoLibraryJjLibrary_1.3.0_1.3.0
VP_SYS_VS_Systick.Mode=SysTick
VP_SYS_VS_Systick.Signal=SYS_VS_Systick
VP_TIM10_VS_ClockSourceINT.Mode=Enable_Timer
VP_TIM10_VS_ClockSourceINT.Signal=TIM10_VS_ClockSourceINT
VP_TIM13_VS_ClockSourceINT.Mode=Enable_Timer
VP_TIM13_VS_ClockSourceINT.Signal=TIM13_VS_ClockSourceINT
VP_TIM3_VS_ClockSourceINT.Mode=Internal
VP_TIM3_VS_ClockSourceINT.Signal=TIM3_VS_ClockSourceINT
VP_TIM6_VS_ClockSourceINT.Mode=Enable_Timer
VP_TIM6_VS_ClockSourceINT.Signal=TIM6_VS_ClockSourceINT
board=custom
